PODS:
  - Capacitor (5.7.1):
    - CapacitorCordova
  - CapacitorCordova (5.7.1)
  - CapacitorDevice (5.0.7):
    - Capacitor
  - CapacitorPreferences (5.0.7):
    - Capacitor
  - CapacitorSplashScreen (5.0.7):
    - Capacitor
  - CapacitorStatusBar (5.0.7):
    - Capacitor

DEPENDENCIES:
  - "Capacitor (from `../../node_modules/@capacitor/ios`)"
  - "CapacitorCordova (from `../../node_modules/@capacitor/ios`)"
  - "CapacitorDevice (from `../../node_modules/@capacitor/device`)"
  - "CapacitorPreferences (from `../../node_modules/@capacitor/preferences`)"
  - "CapacitorSplashScreen (from `../../node_modules/@capacitor/splash-screen`)"
  - "CapacitorStatusBar (from `../../node_modules/@capacitor/status-bar`)"

EXTERNAL SOURCES:
  Capacitor:
    :path: "../../node_modules/@capacitor/ios"
  CapacitorCordova:
    :path: "../../node_modules/@capacitor/ios"
  CapacitorDevice:
    :path: "../../node_modules/@capacitor/device"
  CapacitorPreferences:
    :path: "../../node_modules/@capacitor/preferences"
  CapacitorSplashScreen:
    :path: "../../node_modules/@capacitor/splash-screen"
  CapacitorStatusBar:
    :path: "../../node_modules/@capacitor/status-bar"

SPEC CHECKSUMS:
  Capacitor: 6bd16626bc7a4a382eff16f6aed0072fe9776951
  CapacitorCordova: b49f3372270c88fd9c633a4fc8c7ef00e47dd2d6
  CapacitorDevice: fc91bdb484dc0e70755e9b621cd557afe642613a
  CapacitorPreferences: 77ac427e98db83bace772455f8ba447430382c4c
  CapacitorSplashScreen: dd3de3f3644710fa2a697cfb91ec262eece4d242
  CapacitorStatusBar: f390fbb49b82ffb754ea4b3cf71dc8b048baf3e7

PODFILE CHECKSUM: 3f125ff163fe1c705d031ee7445ff39999a1aac7

COCOAPODS: 1.14.3
